{
    "_meta": {
        "hash": {
            "sha256": "99c238d34541f0feed5b3c626f501cf0a7a0ce17bbe9204b5083ee47da21bc66"
        },
        "pipfile-spec": 6,
        "requires": {
            "python_version": "3.6"
        },
        "sources": [
            {
                "name": "pypi",
                "url": "http://devpi.foo.wtf:47038/mariusz/dev/+simple",
                "verify_ssl": false
            }
        ]
    },
    "default": {
        "taranis": {
            "hashes": [
                "sha256:6d2f6cd5d1b81e01b87b2952e3db67fa741ec2dab7999bf2b167daac29fca410"
            ],
            "index": "pypi",
            "version": "==0.1.6"
        }
    },
    "develop": {}
}
